// !$*UTF8*$!
{
	archiveVersion = 1;
	classes = {
	};
	objectVersion = 46;
	objects = {

/* Begin PBXBuildFile section */
		1D9A25601DD89B73007EE6E9 /* AppDelegate.swift in Sources */ = {isa = PBXBuildFile; fileRef = 1D9A255F1DD89B73007EE6E9 /* AppDelegate.swift */; };
		1D9A25651DD89B73007EE6E9 /* Main.storyboard in Resources */ = {isa = PBXBuildFile; fileRef = 1D9A25631DD89B73007EE6E9 /* Main.storyboard */; };
		1D9A25681DD89B73007EE6E9 /* BolsaFamilia_Analytics.xcdatamodeld in Sources */ = {isa = PBXBuildFile; fileRef = 1D9A25661DD89B73007EE6E9 /* BolsaFamilia_Analytics.xcdatamodeld */; };
		1D9A256A1DD89B73007EE6E9 /* Assets.xcassets in Resources */ = {isa = PBXBuildFile; fileRef = 1D9A25691DD89B73007EE6E9 /* Assets.xcassets */; };
		1D9A256D1DD89B73007EE6E9 /* LaunchScreen.storyboard in Resources */ = {isa = PBXBuildFile; fileRef = 1D9A256B1DD89B73007EE6E9 /* LaunchScreen.storyboard */; };
		1D9A25781DD89B73007EE6E9 /* BolsaFamilia_AnalyticsTests.swift in Sources */ = {isa = PBXBuildFile; fileRef = 1D9A25771DD89B73007EE6E9 /* BolsaFamilia_AnalyticsTests.swift */; };
		1D9A25831DD89B73007EE6E9 /* BolsaFamilia_AnalyticsUITests.swift in Sources */ = {isa = PBXBuildFile; fileRef = 1D9A25821DD89B73007EE6E9 /* BolsaFamilia_AnalyticsUITests.swift */; };
		1D9A25951DD89C11007EE6E9 /* QuestionOne.storyboard in Resources */ = {isa = PBXBuildFile; fileRef = 1D9A25941DD89C11007EE6E9 /* QuestionOne.storyboard */; };
		1D9A25971DD89C19007EE6E9 /* QuestionTwo.storyboard in Resources */ = {isa = PBXBuildFile; fileRef = 1D9A25961DD89C19007EE6E9 /* QuestionTwo.storyboard */; };
		1D9A25991DD89C20007EE6E9 /* QuestionThree.storyboard in Resources */ = {isa = PBXBuildFile; fileRef = 1D9A25981DD89C20007EE6E9 /* QuestionThree.storyboard */; };
		1D9A259B1DD89C29007EE6E9 /* QuestionFour.storyboard in Resources */ = {isa = PBXBuildFile; fileRef = 1D9A259A1DD89C29007EE6E9 /* QuestionFour.storyboard */; };
		1D9A259D1DD89C30007EE6E9 /* QuestionFive.storyboard in Resources */ = {isa = PBXBuildFile; fileRef = 1D9A259C1DD89C30007EE6E9 /* QuestionFive.storyboard */; };
		1D9C83B61DEE67B50016608F /* BaseViewController.swift in Sources */ = {isa = PBXBuildFile; fileRef = 1D9C83B51DEE67B50016608F /* BaseViewController.swift */; };
		1DCE105E1DEC8E2200CAEF05 /* CRUD.storyboard in Resources */ = {isa = PBXBuildFile; fileRef = 1DCE105D1DEC8E2200CAEF05 /* CRUD.storyboard */; };
		1DCE10601DEC8E5100CAEF05 /* CRUDViewController.swift in Sources */ = {isa = PBXBuildFile; fileRef = 1DCE105F1DEC8E5100CAEF05 /* CRUDViewController.swift */; };
		1DCE10621DEC95C600CAEF05 /* CRUDCreateViewController.swift in Sources */ = {isa = PBXBuildFile; fileRef = 1DCE10611DEC95C600CAEF05 /* CRUDCreateViewController.swift */; };
		1DCE10641DEC9E3300CAEF05 /* Township.swift in Sources */ = {isa = PBXBuildFile; fileRef = 1DCE10631DEC9E3300CAEF05 /* Township.swift */; };
		1DCE10661DECA1FD00CAEF05 /* BFResponse.swift in Sources */ = {isa = PBXBuildFile; fileRef = 1DCE10651DECA1FD00CAEF05 /* BFResponse.swift */; };
		1DCE10681DECA69000CAEF05 /* QuestionTwoViewController.swift in Sources */ = {isa = PBXBuildFile; fileRef = 1DCE10671DECA69000CAEF05 /* QuestionTwoViewController.swift */; };
		1DCE106A1DECAB0400CAEF05 /* QuestionThreeViewController.swift in Sources */ = {isa = PBXBuildFile; fileRef = 1DCE10691DECAB0400CAEF05 /* QuestionThreeViewController.swift */; };
		1DCE106C1DECABCB00CAEF05 /* EstateBudge.swift in Sources */ = {isa = PBXBuildFile; fileRef = 1DCE106B1DECABCB00CAEF05 /* EstateBudge.swift */; };
		1DCE106E1DECBCAF00CAEF05 /* QuestionFourViewController.swift in Sources */ = {isa = PBXBuildFile; fileRef = 1DCE106D1DECBCAF00CAEF05 /* QuestionFourViewController.swift */; };
		1DCE10701DED04DE00CAEF05 /* CRUDUpdateViewController.swift in Sources */ = {isa = PBXBuildFile; fileRef = 1DCE106F1DED04DE00CAEF05 /* CRUDUpdateViewController.swift */; };
		1DCE10741DED083A00CAEF05 /* CRUDRetrieveViewController.swift in Sources */ = {isa = PBXBuildFile; fileRef = 1DCE10731DED083A00CAEF05 /* CRUDRetrieveViewController.swift */; };
		1DDCA3201DEB77B6005DBDC3 /* Favored.swift in Sources */ = {isa = PBXBuildFile; fileRef = 1DDCA31F1DEB77B6005DBDC3 /* Favored.swift */; };
		1DDCA3221DEB7954005DBDC3 /* SIAFI.swift in Sources */ = {isa = PBXBuildFile; fileRef = 1DDCA3211DEB7954005DBDC3 /* SIAFI.swift */; };
		1DDCA3241DEB79EA005DBDC3 /* Withdrawl.swift in Sources */ = {isa = PBXBuildFile; fileRef = 1DDCA3231DEB79EA005DBDC3 /* Withdrawl.swift */; };
		1DDCA3271DEB7B76005DBDC3 /* AnswersAPI.swift in Sources */ = {isa = PBXBuildFile; fileRef = 1DDCA3261DEB7B76005DBDC3 /* AnswersAPI.swift */; };
		1DDCA3291DEB7B8C005DBDC3 /* Connect.swift in Sources */ = {isa = PBXBuildFile; fileRef = 1DDCA3281DEB7B8C005DBDC3 /* Connect.swift */; };
		1DDCA32B1DEB875A005DBDC3 /* QuestionOneViewController.swift in Sources */ = {isa = PBXBuildFile; fileRef = 1DDCA32A1DEB875A005DBDC3 /* QuestionOneViewController.swift */; };
		1E2C9FEF0DBAE68133BB0AB1 /* Pods_BolsaFamilia_Analytics.framework in Frameworks */ = {isa = PBXBuildFile; fileRef = 61909F947A13C08A30AA89E3 /* Pods_BolsaFamilia_Analytics.framework */; };
/* End PBXBuildFile section */

/* Begin PBXContainerItemProxy section */
		1D9A25741DD89B73007EE6E9 /* PBXContainerItemProxy */ = {
			isa = PBXContainerItemProxy;
			containerPortal = 1D9A25541DD89B72007EE6E9 /* Project object */;
			proxyType = 1;
			remoteGlobalIDString = 1D9A255B1DD89B73007EE6E9;
			remoteInfo = "BolsaFamilia Analytics";
		};
		1D9A257F1DD89B73007EE6E9 /* PBXContainerItemProxy */ = {
			isa = PBXContainerItemProxy;
			containerPortal = 1D9A25541DD89B72007EE6E9 /* Project object */;
			proxyType = 1;
			remoteGlobalIDString = 1D9A255B1DD89B73007EE6E9;
			remoteInfo = "BolsaFamilia Analytics";
		};
/* End PBXContainerItemProxy section */

/* Begin PBXFileReference section */
		1D9A255C1DD89B73007EE6E9 /* BolsaFamilia Analytics.app */ = {isa = PBXFileReference; explicitFileType = wrapper.application; includeInIndex = 0; path = "BolsaFamilia Analytics.app"; sourceTree = BUILT_PRODUCTS_DIR; };
		1D9A255F1DD89B73007EE6E9 /* AppDelegate.swift */ = {isa = PBXFileReference; lastKnownFileType = sourcecode.swift; path = AppDelegate.swift; sourceTree = "<group>"; };
		1D9A25641DD89B73007EE6E9 /* Base */ = {isa = PBXFileReference; lastKnownFileType = file.storyboard; name = Base; path = Base.lproj/Main.storyboard; sourceTree = "<group>"; };
		1D9A25671DD89B73007EE6E9 /* BolsaFamilia_Analytics.xcdatamodel */ = {isa = PBXFileReference; lastKnownFileType = wrapper.xcdatamodel; path = BolsaFamilia_Analytics.xcdatamodel; sourceTree = "<group>"; };
		1D9A25691DD89B73007EE6E9 /* Assets.xcassets */ = {isa = PBXFileReference; lastKnownFileType = folder.assetcatalog; path = Assets.xcassets; sourceTree = "<group>"; };
		1D9A256C1DD89B73007EE6E9 /* Base */ = {isa = PBXFileReference; lastKnownFileType = file.storyboard; name = Base; path = Base.lproj/LaunchScreen.storyboard; sourceTree = "<group>"; };
		1D9A256E1DD89B73007EE6E9 /* Info.plist */ = {isa = PBXFileReference; lastKnownFileType = text.plist.xml; path = Info.plist; sourceTree = "<group>"; };
		1D9A25731DD89B73007EE6E9 /* BolsaFamilia AnalyticsTests.xctest */ = {isa = PBXFileReference; explicitFileType = wrapper.cfbundle; includeInIndex = 0; path = "BolsaFamilia AnalyticsTests.xctest"; sourceTree = BUILT_PRODUCTS_DIR; };
		1D9A25771DD89B73007EE6E9 /* BolsaFamilia_AnalyticsTests.swift */ = {isa = PBXFileReference; lastKnownFileType = sourcecode.swift; path = BolsaFamilia_AnalyticsTests.swift; sourceTree = "<group>"; };
		1D9A25791DD89B73007EE6E9 /* Info.plist */ = {isa = PBXFileReference; lastKnownFileType = text.plist.xml; path = Info.plist; sourceTree = "<group>"; };
		1D9A257E1DD89B73007EE6E9 /* BolsaFamilia AnalyticsUITests.xctest */ = {isa = PBXFileReference; explicitFileType = wrapper.cfbundle; includeInIndex = 0; path = "BolsaFamilia AnalyticsUITests.xctest"; sourceTree = BUILT_PRODUCTS_DIR; };
		1D9A25821DD89B73007EE6E9 /* BolsaFamilia_AnalyticsUITests.swift */ = {isa = PBXFileReference; lastKnownFileType = sourcecode.swift; path = BolsaFamilia_AnalyticsUITests.swift; sourceTree = "<group>"; };
		1D9A25841DD89B73007EE6E9 /* Info.plist */ = {isa = PBXFileReference; lastKnownFileType = text.plist.xml; path = Info.plist; sourceTree = "<group>"; };
		1D9A25941DD89C11007EE6E9 /* QuestionOne.storyboard */ = {isa = PBXFileReference; fileEncoding = 4; lastKnownFileType = file.storyboard; path = QuestionOne.storyboard; sourceTree = "<group>"; };
		1D9A25961DD89C19007EE6E9 /* QuestionTwo.storyboard */ = {isa = PBXFileReference; fileEncoding = 4; lastKnownFileType = file.storyboard; path = QuestionTwo.storyboard; sourceTree = "<group>"; };
		1D9A25981DD89C20007EE6E9 /* QuestionThree.storyboard */ = {isa = PBXFileReference; fileEncoding = 4; lastKnownFileType = file.storyboard; path = QuestionThree.storyboard; sourceTree = "<group>"; };
		1D9A259A1DD89C29007EE6E9 /* QuestionFour.storyboard */ = {isa = PBXFileReference; fileEncoding = 4; lastKnownFileType = file.storyboard; path = QuestionFour.storyboard; sourceTree = "<group>"; };
		1D9A259C1DD89C30007EE6E9 /* QuestionFive.storyboard */ = {isa = PBXFileReference; fileEncoding = 4; lastKnownFileType = file.storyboard; path = QuestionFive.storyboard; sourceTree = "<group>"; };
		1D9C83B51DEE67B50016608F /* BaseViewController.swift */ = {isa = PBXFileReference; fileEncoding = 4; lastKnownFileType = sourcecode.swift; path = BaseViewController.swift; sourceTree = "<group>"; };
		1DCE105D1DEC8E2200CAEF05 /* CRUD.storyboard */ = {isa = PBXFileReference; fileEncoding = 4; lastKnownFileType = file.storyboard; path = CRUD.storyboard; sourceTree = "<group>"; };
		1DCE105F1DEC8E5100CAEF05 /* CRUDViewController.swift */ = {isa = PBXFileReference; fileEncoding = 4; lastKnownFileType = sourcecode.swift; path = CRUDViewController.swift; sourceTree = "<group>"; };
		1DCE10611DEC95C600CAEF05 /* CRUDCreateViewController.swift */ = {isa = PBXFileReference; fileEncoding = 4; lastKnownFileType = sourcecode.swift; path = CRUDCreateViewController.swift; sourceTree = "<group>"; };
		1DCE10631DEC9E3300CAEF05 /* Township.swift */ = {isa = PBXFileReference; fileEncoding = 4; lastKnownFileType = sourcecode.swift; path = Township.swift; sourceTree = "<group>"; };
		1DCE10651DECA1FD00CAEF05 /* BFResponse.swift */ = {isa = PBXFileReference; fileEncoding = 4; lastKnownFileType = sourcecode.swift; path = BFResponse.swift; sourceTree = "<group>"; };
		1DCE10671DECA69000CAEF05 /* QuestionTwoViewController.swift */ = {isa = PBXFileReference; fileEncoding = 4; lastKnownFileType = sourcecode.swift; path = QuestionTwoViewController.swift; sourceTree = "<group>"; };
		1DCE10691DECAB0400CAEF05 /* QuestionThreeViewController.swift */ = {isa = PBXFileReference; fileEncoding = 4; lastKnownFileType = sourcecode.swift; path = QuestionThreeViewController.swift; sourceTree = "<group>"; };
		1DCE106B1DECABCB00CAEF05 /* EstateBudge.swift */ = {isa = PBXFileReference; fileEncoding = 4; lastKnownFileType = sourcecode.swift; path = EstateBudge.swift; sourceTree = "<group>"; };
		1DCE106D1DECBCAF00CAEF05 /* QuestionFourViewController.swift */ = {isa = PBXFileReference; fileEncoding = 4; lastKnownFileType = sourcecode.swift; path = QuestionFourViewController.swift; sourceTree = "<group>"; };
		1DCE106F1DED04DE00CAEF05 /* CRUDUpdateViewController.swift */ = {isa = PBXFileReference; fileEncoding = 4; lastKnownFileType = sourcecode.swift; path = CRUDUpdateViewController.swift; sourceTree = "<group>"; };
		1DCE10731DED083A00CAEF05 /* CRUDRetrieveViewController.swift */ = {isa = PBXFileReference; fileEncoding = 4; lastKnownFileType = sourcecode.swift; path = CRUDRetrieveViewController.swift; sourceTree = "<group>"; };
		1DDCA31F1DEB77B6005DBDC3 /* Favored.swift */ = {isa = PBXFileReference; fileEncoding = 4; lastKnownFileType = sourcecode.swift; path = Favored.swift; sourceTree = "<group>"; };
		1DDCA3211DEB7954005DBDC3 /* SIAFI.swift */ = {isa = PBXFileReference; fileEncoding = 4; lastKnownFileType = sourcecode.swift; path = SIAFI.swift; sourceTree = "<group>"; };
		1DDCA3231DEB79EA005DBDC3 /* Withdrawl.swift */ = {isa = PBXFileReference; fileEncoding = 4; lastKnownFileType = sourcecode.swift; path = Withdrawl.swift; sourceTree = "<group>"; };
		1DDCA3261DEB7B76005DBDC3 /* AnswersAPI.swift */ = {isa = PBXFileReference; fileEncoding = 4; lastKnownFileType = sourcecode.swift; path = AnswersAPI.swift; sourceTree = "<group>"; };
		1DDCA3281DEB7B8C005DBDC3 /* Connect.swift */ = {isa = PBXFileReference; fileEncoding = 4; lastKnownFileType = sourcecode.swift; path = Connect.swift; sourceTree = "<group>"; };
		1DDCA32A1DEB875A005DBDC3 /* QuestionOneViewController.swift */ = {isa = PBXFileReference; fileEncoding = 4; lastKnownFileType = sourcecode.swift; path = QuestionOneViewController.swift; sourceTree = "<group>"; };
		27753AFD3DA0D911B30BE9E9 /* Pods-BolsaFamilia Analytics.debug.xcconfig */ = {isa = PBXFileReference; includeInIndex = 1; lastKnownFileType = text.xcconfig; name = "Pods-BolsaFamilia Analytics.debug.xcconfig"; path = "Pods/Target Support Files/Pods-BolsaFamilia Analytics/Pods-BolsaFamilia Analytics.debug.xcconfig"; sourceTree = "<group>"; };
		61909F947A13C08A30AA89E3 /* Pods_BolsaFamilia_Analytics.framework */ = {isa = PBXFileReference; explicitFileType = wrapper.framework; includeInIndex = 0; path = Pods_BolsaFamilia_Analytics.framework; sourceTree = BUILT_PRODUCTS_DIR; };
		6493814E5D86F242201A1450 /* Pods-BolsaFamilia Analytics.release.xcconfig */ = {isa = PBXFileReference; includeInIndex = 1; lastKnownFileType = text.xcconfig; name = "Pods-BolsaFamilia Analytics.release.xcconfig"; path = "Pods/Target Support Files/Pods-BolsaFamilia Analytics/Pods-BolsaFamilia Analytics.release.xcconfig"; sourceTree = "<group>"; };
/* End PBXFileReference section */

/* Begin PBXFrameworksBuildPhase section */
		1D9A25591DD89B73007EE6E9 /* Frameworks */ = {
			isa = PBXFrameworksBuildPhase;
			buildActionMask = 2147483647;
			files = (
				1E2C9FEF0DBAE68133BB0AB1 /* Pods_BolsaFamilia_Analytics.framework in Frameworks */,
			);
			runOnlyForDeploymentPostprocessing = 0;
		};
		1D9A25701DD89B73007EE6E9 /* Frameworks */ = {
			isa = PBXFrameworksBuildPhase;
			buildActionMask = 2147483647;
			files = (
			);
			runOnlyForDeploymentPostprocessing = 0;
		};
		1D9A257B1DD89B73007EE6E9 /* Frameworks */ = {
			isa = PBXFrameworksBuildPhase;
			buildActionMask = 2147483647;
			files = (
			);
			runOnlyForDeploymentPostprocessing = 0;
		};
/* End PBXFrameworksBuildPhase section */

/* Begin PBXGroup section */
		1D9A25531DD89B72007EE6E9 = {
			isa = PBXGroup;
			children = (
				1D9A255E1DD89B73007EE6E9 /* BolsaFamilia Analytics */,
				1D9A25761DD89B73007EE6E9 /* BolsaFamilia AnalyticsTests */,
				1D9A25811DD89B73007EE6E9 /* BolsaFamilia AnalyticsUITests */,
				1D9A255D1DD89B73007EE6E9 /* Products */,
				4B1E1F5BC9E84335A0510468 /* Pods */,
				D213EBAB57E614DC8AADE212 /* Frameworks */,
			);
			sourceTree = "<group>";
		};
		1D9A255D1DD89B73007EE6E9 /* Products */ = {
			isa = PBXGroup;
			children = (
				1D9A255C1DD89B73007EE6E9 /* BolsaFamilia Analytics.app */,
				1D9A25731DD89B73007EE6E9 /* BolsaFamilia AnalyticsTests.xctest */,
				1D9A257E1DD89B73007EE6E9 /* BolsaFamilia AnalyticsUITests.xctest */,
			);
			name = Products;
			sourceTree = "<group>";
		};
		1D9A255E1DD89B73007EE6E9 /* BolsaFamilia Analytics */ = {
			isa = PBXGroup;
			children = (
				1D9A255F1DD89B73007EE6E9 /* AppDelegate.swift */,
				1D9A25901DD89BC4007EE6E9 /* MVC */,
				1DDCA31C1DEB70A1005DBDC3 /* Resources */,
				1D9A25691DD89B73007EE6E9 /* Assets.xcassets */,
				1D9A256E1DD89B73007EE6E9 /* Info.plist */,
				1D9A25661DD89B73007EE6E9 /* BolsaFamilia_Analytics.xcdatamodeld */,
			);
			path = "BolsaFamilia Analytics";
			sourceTree = "<group>";
		};
		1D9A25761DD89B73007EE6E9 /* BolsaFamilia AnalyticsTests */ = {
			isa = PBXGroup;
			children = (
				1D9A25771DD89B73007EE6E9 /* BolsaFamilia_AnalyticsTests.swift */,
				1D9A25791DD89B73007EE6E9 /* Info.plist */,
			);
			path = "BolsaFamilia AnalyticsTests";
			sourceTree = "<group>";
		};
		1D9A25811DD89B73007EE6E9 /* BolsaFamilia AnalyticsUITests */ = {
			isa = PBXGroup;
			children = (
				1D9A25821DD89B73007EE6E9 /* BolsaFamilia_AnalyticsUITests.swift */,
				1D9A25841DD89B73007EE6E9 /* Info.plist */,
			);
			path = "BolsaFamilia AnalyticsUITests";
			sourceTree = "<group>";
		};
		1D9A25901DD89BC4007EE6E9 /* MVC */ = {
			isa = PBXGroup;
			children = (
				1DDCA3251DEB7AD5005DBDC3 /* API */,
				1D9A25911DD89BC9007EE6E9 /* Model */,
				1D9A25921DD89BCE007EE6E9 /* View */,
				1D9A25931DD89BD2007EE6E9 /* Controller */,
			);
			name = MVC;
			sourceTree = "<group>";
		};
		1D9A25911DD89BC9007EE6E9 /* Model */ = {
			isa = PBXGroup;
			children = (
				1DDCA31F1DEB77B6005DBDC3 /* Favored.swift */,
				1DDCA3211DEB7954005DBDC3 /* SIAFI.swift */,
				1DDCA3231DEB79EA005DBDC3 /* Withdrawl.swift */,
				1DCE10631DEC9E3300CAEF05 /* Township.swift */,
				1DCE10651DECA1FD00CAEF05 /* BFResponse.swift */,
				1DCE106B1DECABCB00CAEF05 /* EstateBudge.swift */,
			);
			name = Model;
			sourceTree = "<group>";
		};
		1D9A25921DD89BCE007EE6E9 /* View */ = {
			isa = PBXGroup;
			children = (
				1D9A256B1DD89B73007EE6E9 /* LaunchScreen.storyboard */,
				1D9A25631DD89B73007EE6E9 /* Main.storyboard */,
				1D9A25941DD89C11007EE6E9 /* QuestionOne.storyboard */,
				1D9A25961DD89C19007EE6E9 /* QuestionTwo.storyboard */,
				1D9A25981DD89C20007EE6E9 /* QuestionThree.storyboard */,
				1D9A259A1DD89C29007EE6E9 /* QuestionFour.storyboard */,
				1D9A259C1DD89C30007EE6E9 /* QuestionFive.storyboard */,
				1DCE105D1DEC8E2200CAEF05 /* CRUD.storyboard */,
			);
			name = View;
			sourceTree = "<group>";
		};
		1D9A25931DD89BD2007EE6E9 /* Controller */ = {
			isa = PBXGroup;
			children = (
				1D9C83B51DEE67B50016608F /* BaseViewController.swift */,
				1DCE10721DED04ED00CAEF05 /* CRUD */,
				1DCE10711DED04E300CAEF05 /* Questions */,
			);
			name = Controller;
			sourceTree = "<group>";
		};
		1DCE10711DED04E300CAEF05 /* Questions */ = {
			isa = PBXGroup;
			children = (
				1DDCA32A1DEB875A005DBDC3 /* QuestionOneViewController.swift */,
				1DCE10671DECA69000CAEF05 /* QuestionTwoViewController.swift */,
				1DCE10691DECAB0400CAEF05 /* QuestionThreeViewController.swift */,
				1DCE106D1DECBCAF00CAEF05 /* QuestionFourViewController.swift */,
			);
			name = Questions;
			sourceTree = "<group>";
		};
		1DCE10721DED04ED00CAEF05 /* CRUD */ = {
			isa = PBXGroup;
			children = (
				1DCE105F1DEC8E5100CAEF05 /* CRUDViewController.swift */,
				1DCE10611DEC95C600CAEF05 /* CRUDCreateViewController.swift */,
				1DCE106F1DED04DE00CAEF05 /* CRUDUpdateViewController.swift */,
				1DCE10731DED083A00CAEF05 /* CRUDRetrieveViewController.swift */,
			);
			name = CRUD;
			sourceTree = "<group>";
		};
		1DDCA31C1DEB70A1005DBDC3 /* Resources */ = {
			isa = PBXGroup;
			children = (
			);
			name = Resources;
			sourceTree = "<group>";
		};
		1DDCA3251DEB7AD5005DBDC3 /* API */ = {
			isa = PBXGroup;
			children = (
				1DDCA3261DEB7B76005DBDC3 /* AnswersAPI.swift */,
				1DDCA3281DEB7B8C005DBDC3 /* Connect.swift */,
			);
			name = API;
			sourceTree = "<group>";
		};
		4B1E1F5BC9E84335A0510468 /* Pods */ = {
			isa = PBXGroup;
			children = (
				27753AFD3DA0D911B30BE9E9 /* Pods-BolsaFamilia Analytics.debug.xcconfig */,
				6493814E5D86F242201A1450 /* Pods-BolsaFamilia Analytics.release.xcconfig */,
			);
			name = Pods;
			sourceTree = "<group>";
		};
		D213EBAB57E614DC8AADE212 /* Frameworks */ = {
			isa = PBXGroup;
			children = (
				61909F947A13C08A30AA89E3 /* Pods_BolsaFamilia_Analytics.framework */,
			);
			name = Frameworks;
			sourceTree = "<group>";
		};
/* End PBXGroup section */

/* Begin PBXNativeTarget section */
		1D9A255B1DD89B73007EE6E9 /* BolsaFamilia Analytics */ = {
			isa = PBXNativeTarget;
			buildConfigurationList = 1D9A25871DD89B73007EE6E9 /* Build configuration list for PBXNativeTarget "BolsaFamilia Analytics" */;
			buildPhases = (
				09EDFC040DAD22A4CA756E35 /* [CP] Check Pods Manifest.lock */,
				1D9A25581DD89B73007EE6E9 /* Sources */,
				1D9A25591DD89B73007EE6E9 /* Frameworks */,
				1D9A255A1DD89B73007EE6E9 /* Resources */,
				45AF12CF4B73AADF156CCA2D /* [CP] Embed Pods Frameworks */,
				673F4B08E11E19D842525C92 /* [CP] Copy Pods Resources */,
			);
			buildRules = (
			);
			dependencies = (
			);
			name = "BolsaFamilia Analytics";
			productName = "BolsaFamilia Analytics";
			productReference = 1D9A255C1DD89B73007EE6E9 /* BolsaFamilia Analytics.app */;
			productType = "com.apple.product-type.application";
		};
		1D9A25721DD89B73007EE6E9 /* BolsaFamilia AnalyticsTests */ = {
			isa = PBXNativeTarget;
			buildConfigurationList = 1D9A258A1DD89B73007EE6E9 /* Build configuration list for PBXNativeTarget "BolsaFamilia AnalyticsTests" */;
			buildPhases = (
				1D9A256F1DD89B73007EE6E9 /* Sources */,
				1D9A25701DD89B73007EE6E9 /* Frameworks */,
				1D9A25711DD89B73007EE6E9 /* Resources */,
			);
			buildRules = (
			);
			dependencies = (
				1D9A25751DD89B73007EE6E9 /* PBXTargetDependency */,
			);
			name = "BolsaFamilia AnalyticsTests";
			productName = "BolsaFamilia AnalyticsTests";
			productReference = 1D9A25731DD89B73007EE6E9 /* BolsaFamilia AnalyticsTests.xctest */;
			productType = "com.apple.product-type.bundle.unit-test";
		};
		1D9A257D1DD89B73007EE6E9 /* BolsaFamilia AnalyticsUITests */ = {
			isa = PBXNativeTarget;
			buildConfigurationList = 1D9A258D1DD89B73007EE6E9 /* Build configuration list for PBXNativeTarget "BolsaFamilia AnalyticsUITests" */;
			buildPhases = (
				1D9A257A1DD89B73007EE6E9 /* Sources */,
				1D9A257B1DD89B73007EE6E9 /* Frameworks */,
				1D9A257C1DD89B73007EE6E9 /* Resources */,
			);
			buildRules = (
			);
			dependencies = (
				1D9A25801DD89B73007EE6E9 /* PBXTargetDependency */,
			);
			name = "BolsaFamilia AnalyticsUITests";
			productName = "BolsaFamilia AnalyticsUITests";
			productReference = 1D9A257E1DD89B73007EE6E9 /* BolsaFamilia AnalyticsUITests.xctest */;
			productType = "com.apple.product-type.bundle.ui-testing";
		};
/* End PBXNativeTarget section */

/* Begin PBXProject section */
		1D9A25541DD89B72007EE6E9 /* Project object */ = {
			isa = PBXProject;
			attributes = {
				LastSwiftUpdateCheck = 0810;
				LastUpgradeCheck = 0810;
				ORGANIZATIONNAME = UnB;
				TargetAttributes = {
					1D9A255B1DD89B73007EE6E9 = {
						CreatedOnToolsVersion = 8.1;
						DevelopmentTeam = G6SBYX5X3M;
						LastSwiftMigration = 0810;
						ProvisioningStyle = Automatic;
					};
					1D9A25721DD89B73007EE6E9 = {
						CreatedOnToolsVersion = 8.1;
						DevelopmentTeam = M368ZHZCHV;
						LastSwiftMigration = 0810;
						ProvisioningStyle = Automatic;
						TestTargetID = 1D9A255B1DD89B73007EE6E9;
					};
					1D9A257D1DD89B73007EE6E9 = {
						CreatedOnToolsVersion = 8.1;
						DevelopmentTeam = M368ZHZCHV;
						LastSwiftMigration = 0810;
						ProvisioningStyle = Automatic;
						TestTargetID = 1D9A255B1DD89B73007EE6E9;
					};
				};
			};
			buildConfigurationList = 1D9A25571DD89B72007EE6E9 /* Build configuration list for PBXProject "BolsaFamilia Analytics" */;
			compatibilityVersion = "Xcode 3.2";
			developmentRegion = English;
			hasScannedForEncodings = 0;
			knownRegions = (
				en,
				Base,
			);
			mainGroup = 1D9A25531DD89B72007EE6E9;
			productRefGroup = 1D9A255D1DD89B73007EE6E9 /* Products */;
			projectDirPath = "";
			projectRoot = "";
			targets = (
				1D9A255B1DD89B73007EE6E9 /* BolsaFamilia Analytics */,
				1D9A25721DD89B73007EE6E9 /* BolsaFamilia AnalyticsTests */,
				1D9A257D1DD89B73007EE6E9 /* BolsaFamilia AnalyticsUITests */,
			);
		};
/* End PBXProject section */

/* Begin PBXResourcesBuildPhase section */
		1D9A255A1DD89B73007EE6E9 /* Resources */ = {
			isa = PBXResourcesBuildPhase;
			buildActionMask = 2147483647;
			files = (
				1D9A259D1DD89C30007EE6E9 /* QuestionFive.storyboard in Resources */,
				1D9A25971DD89C19007EE6E9 /* QuestionTwo.storyboard in Resources */,
				1D9A256D1DD89B73007EE6E9 /* LaunchScreen.storyboard in Resources */,
				1DCE105E1DEC8E2200CAEF05 /* CRUD.storyboard in Resources */,
				1D9A256A1DD89B73007EE6E9 /* Assets.xcassets in Resources */,
				1D9A25651DD89B73007EE6E9 /* Main.storyboard in Resources */,
				1D9A25951DD89C11007EE6E9 /* QuestionOne.storyboard in Resources */,
				1D9A259B1DD89C29007EE6E9 /* QuestionFour.storyboard in Resources */,
				1D9A25991DD89C20007EE6E9 /* QuestionThree.storyboard in Resources */,
			);
			runOnlyForDeploymentPostprocessing = 0;
		};
		1D9A25711DD89B73007EE6E9 /* Resources */ = {
			isa = PBXResourcesBuildPhase;
			buildActionMask = 2147483647;
			files = (
			);
			runOnlyForDeploymentPostprocessing = 0;
		};
		1D9A257C1DD89B73007EE6E9 /* Resources */ = {
			isa = PBXResourcesBuildPhase;
			buildActionMask = 2147483647;
			files = (
			);
			runOnlyForDeploymentPostprocessing = 0;
		};
/* End PBXResourcesBuildPhase section */

/* Begin PBXShellScriptBuildPhase section */
		09EDFC040DAD22A4CA756E35 /* [CP] Check Pods Manifest.lock */ = {
			isa = PBXShellScriptBuildPhase;
			buildActionMask = 2147483647;
			files = (
			);
			inputPaths = (
			);
			name = "[CP] Check Pods Manifest.lock";
			outputPaths = (
			);
			runOnlyForDeploymentPostprocessing = 0;
			shellPath = /bin/sh;
			shellScript = "diff \"${PODS_ROOT}/../Podfile.lock\" \"${PODS_ROOT}/Manifest.lock\" > /dev/null\nif [[ $? != 0 ]] ; then\n    cat << EOM\nerror: The sandbox is not in sync with the Podfile.lock. Run 'pod install' or update your CocoaPods installation.\nEOM\n    exit 1\nfi\n";
			showEnvVarsInLog = 0;
		};
		45AF12CF4B73AADF156CCA2D /* [CP] Embed Pods Frameworks */ = {
			isa = PBXShellScriptBuildPhase;
			buildActionMask = 2147483647;
			files = (
			);
			inputPaths = (
			);
			name = "[CP] Embed Pods Frameworks";
			outputPaths = (
			);
			runOnlyForDeploymentPostprocessing = 0;
			shellPath = /bin/sh;
			shellScript = "\"${SRCROOT}/Pods/Target Support Files/Pods-BolsaFamilia Analytics/Pods-BolsaFamilia Analytics-frameworks.sh\"\n";
			showEnvVarsInLog = 0;
		};
		673F4B08E11E19D842525C92 /* [CP] Copy Pods Resources */ = {
			isa = PBXShellScriptBuildPhase;
			buildActionMask = 2147483647;
			files = (
			);
			inputPaths = (
			);
			name = "[CP] Copy Pods Resources";
			outputPaths = (
			);
			runOnlyForDeploymentPostprocessing = 0;
			shellPath = /bin/sh;
			shellScript = "\"${SRCROOT}/Pods/Target Support Files/Pods-BolsaFamilia Analytics/Pods-BolsaFamilia Analytics-resources.sh\"\n";
			showEnvVarsInLog = 0;
		};
/* End PBXShellScriptBuildPhase section */

/* Begin PBXSourcesBuildPhase section */
		1D9A25581DD89B73007EE6E9 /* Sources */ = {
			isa = PBXSourcesBuildPhase;
			buildActionMask = 2147483647;
			files = (
				1DCE10601DEC8E5100CAEF05 /* CRUDViewController.swift in Sources */,
				1DCE10681DECA69000CAEF05 /* QuestionTwoViewController.swift in Sources */,
				1DDCA3221DEB7954005DBDC3 /* SIAFI.swift in Sources */,
				1D9A25681DD89B73007EE6E9 /* BolsaFamilia_Analytics.xcdatamodeld in Sources */,
				1D9C83B61DEE67B50016608F /* BaseViewController.swift in Sources */,
				1DCE10621DEC95C600CAEF05 /* CRUDCreateViewController.swift in Sources */,
				1DCE10661DECA1FD00CAEF05 /* BFResponse.swift in Sources */,
				1DDCA32B1DEB875A005DBDC3 /* QuestionOneViewController.swift in Sources */,
				1DDCA3291DEB7B8C005DBDC3 /* Connect.swift in Sources */,
				1DCE10741DED083A00CAEF05 /* CRUDRetrieveViewController.swift in Sources */,
				1DDCA3241DEB79EA005DBDC3 /* Withdrawl.swift in Sources */,
				1DCE106C1DECABCB00CAEF05 /* EstateBudge.swift in Sources */,
				1DCE106A1DECAB0400CAEF05 /* QuestionThreeViewController.swift in Sources */,
				1D9A25601DD89B73007EE6E9 /* AppDelegate.swift in Sources */,
				1DCE10641DEC9E3300CAEF05 /* Township.swift in Sources */,
				1DDCA3201DEB77B6005DBDC3 /* Favored.swift in Sources */,
				1DDCA3271DEB7B76005DBDC3 /* AnswersAPI.swift in Sources */,
				1DCE106E1DECBCAF00CAEF05 /* QuestionFourViewController.swift in Sources */,
				1DCE10701DED04DE00CAEF05 /* CRUDUpdateViewController.swift in Sources */,
			);
			runOnlyForDeploymentPostprocessing = 0;
		};
		1D9A256F1DD89B73007EE6E9 /* Sources */ = {
			isa = PBXSourcesBuildPhase;
			buildActionMask = 2147483647;
			files = (
				1D9A25781DD89B73007EE6E9 /* BolsaFamilia_AnalyticsTests.swift in Sources */,
			);
			runOnlyForDeploymentPostprocessing = 0;
		};
		1D9A257A1DD89B73007EE6E9 /* Sources */ = {
			isa = PBXSourcesBuildPhase;
			buildActionMask = 2147483647;
			files = (
				1D9A25831DD89B73007EE6E9 /* BolsaFamilia_AnalyticsUITests.swift in Sources */,
			);
			runOnlyForDeploymentPostprocessing = 0;
		};
/* End PBXSourcesBuildPhase section */

/* Begin PBXTargetDependency section */
		1D9A25751DD89B73007EE6E9 /* PBXTargetDependency */ = {
			isa = PBXTargetDependency;
			target = 1D9A255B1DD89B73007EE6E9 /* BolsaFamilia Analytics */;
			targetProxy = 1D9A25741DD89B73007EE6E9 /* PBXContainerItemProxy */;
		};
		1D9A25801DD89B73007EE6E9 /* PBXTargetDependency */ = {
			isa = PBXTargetDependency;
			target = 1D9A255B1DD89B73007EE6E9 /* BolsaFamilia Analytics */;
			targetProxy = 1D9A257F1DD89B73007EE6E9 /* PBXContainerItemProxy */;
		};
/* End PBXTargetDependency section */

/* Begin PBXVariantGroup section */
		1D9A25631DD89B73007EE6E9 /* Main.storyboard */ = {
			isa = PBXVariantGroup;
			children = (
				1D9A25641DD89B73007EE6E9 /* Base */,
			);
			name = Main.storyboard;
			sourceTree = "<group>";
		};
		1D9A256B1DD89B73007EE6E9 /* LaunchScreen.storyboard */ = {
			isa = PBXVariantGroup;
			children = (
				1D9A256C1DD89B73007EE6E9 /* Base */,
			);
			name = LaunchScreen.storyboard;
			sourceTree = "<group>";
		};
/* End PBXVariantGroup section */

/* Begin XCBuildConfiguration section */
		1D9A25851DD89B73007EE6E9 /* Debug */ = {
			isa = XCBuildConfiguration;
			buildSettings = {
				ALWAYS_SEARCH_USER_PATHS = NO;
				CLANG_ANALYZER_NONNULL = YES;
				CLANG_CXX_LANGUAGE_STANDARD = "gnu++0x";
				CLANG_CXX_LIBRARY = "libc++";
				CLANG_ENABLE_MODULES = YES;
				CLANG_ENABLE_OBJC_ARC = YES;
				CLANG_WARN_BOOL_CONVERSION = YES;
				CLANG_WARN_CONSTANT_CONVERSION = YES;
				CLANG_WARN_DIRECT_OBJC_ISA_USAGE = YES_ERROR;
				CLANG_WARN_DOCUMENTATION_COMMENTS = YES;
				CLANG_WARN_EMPTY_BODY = YES;
				CLANG_WARN_ENUM_CONVERSION = YES;
				CLANG_WARN_INFINITE_RECURSION = YES;
				CLANG_WARN_INT_CONVERSION = YES;
				CLANG_WARN_OBJC_ROOT_CLASS = YES_ERROR;
				CLANG_WARN_SUSPICIOUS_MOVE = YES;
				CLANG_WARN_SUSPICIOUS_MOVES = YES;
				CLANG_WARN_UNREACHABLE_CODE = YES;
				CLANG_WARN__DUPLICATE_METHOD_MATCH = YES;
				"CODE_SIGN_IDENTITY[sdk=iphoneos*]" = "iPhone Developer";
				COPY_PHASE_STRIP = NO;
				DEBUG_INFORMATION_FORMAT = dwarf;
				ENABLE_STRICT_OBJC_MSGSEND = YES;
				ENABLE_TESTABILITY = YES;
				GCC_C_LANGUAGE_STANDARD = gnu99;
				GCC_DYNAMIC_NO_PIC = NO;
				GCC_NO_COMMON_BLOCKS = YES;
				GCC_OPTIMIZATION_LEVEL = 0;
				GCC_PREPROCESSOR_DEFINITIONS = (
					"DEBUG=1",
					"$(inherited)",
				);
				GCC_WARN_64_TO_32_BIT_CONVERSION = YES;
				GCC_WARN_ABOUT_RETURN_TYPE = YES_ERROR;
				GCC_WARN_UNDECLARED_SELECTOR = YES;
				GCC_WARN_UNINITIALIZED_AUTOS = YES_AGGRESSIVE;
				GCC_WARN_UNUSED_FUNCTION = YES;
				GCC_WARN_UNUSED_VARIABLE = YES;
				IPHONEOS_DEPLOYMENT_TARGET = 10.1;
				MTL_ENABLE_DEBUG_INFO = YES;
				ONLY_ACTIVE_ARCH = YES;
				SDKROOT = iphoneos;
				SWIFT_ACTIVE_COMPILATION_CONDITIONS = DEBUG;
				SWIFT_OPTIMIZATION_LEVEL = "-Onone";
				TARGETED_DEVICE_FAMILY = "1,2";
			};
			name = Debug;
		};
		1D9A25861DD89B73007EE6E9 /* Release */ = {
			isa = XCBuildConfiguration;
			buildSettings = {
				ALWAYS_SEARCH_USER_PATHS = NO;
				CLANG_ANALYZER_NONNULL = YES;
				CLANG_CXX_LANGUAGE_STANDARD = "gnu++0x";
				CLANG_CXX_LIBRARY = "libc++";
				CLANG_ENABLE_MODULES = YES;
				CLANG_ENABLE_OBJC_ARC = YES;
				CLANG_WARN_BOOL_CONVERSION = YES;
				CLANG_WARN_CONSTANT_CONVERSION = YES;
				CLANG_WARN_DIRECT_OBJC_ISA_USAGE = YES_ERROR;
				CLANG_WARN_DOCUMENTATION_COMMENTS = YES;
				CLANG_WARN_EMPTY_BODY = YES;
				CLANG_WARN_ENUM_CONVERSION = YES;
				CLANG_WARN_INFINITE_RECURSION = YES;
				CLANG_WARN_INT_CONVERSION = YES;
				CLANG_WARN_OBJC_ROOT_CLASS = YES_ERROR;
				CLANG_WARN_SUSPICIOUS_MOVE = YES;
				CLANG_WARN_SUSPICIOUS_MOVES = YES;
				CLANG_WARN_UNREACHABLE_CODE = YES;
				CLANG_WARN__DUPLICATE_METHOD_MATCH = YES;
				"CODE_SIGN_IDENTITY[sdk=iphoneos*]" = "iPhone Developer";
				COPY_PHASE_STRIP = NO;
				DEBUG_INFORMATION_FORMAT = "dwarf-with-dsym";
				ENABLE_NS_ASSERTIONS = NO;
				ENABLE_STRICT_OBJC_MSGSEND = YES;
				GCC_C_LANGUAGE_STANDARD = gnu99;
				GCC_NO_COMMON_BLOCKS = YES;
				GCC_WARN_64_TO_32_BIT_CONVERSION = YES;
				GCC_WARN_ABOUT_RETURN_TYPE = YES_ERROR;
				GCC_WARN_UNDECLARED_SELECTOR = YES;
				GCC_WARN_UNINITIALIZED_AUTOS = YES_AGGRESSIVE;
				GCC_WARN_UNUSED_FUNCTION = YES;
				GCC_WARN_UNUSED_VARIABLE = YES;
				IPHONEOS_DEPLOYMENT_TARGET = 10.1;
				MTL_ENABLE_DEBUG_INFO = NO;
				SDKROOT = iphoneos;
				SWIFT_OPTIMIZATION_LEVEL = "-Owholemodule";
				TARGETED_DEVICE_FAMILY = "1,2";
				VALIDATE_PRODUCT = YES;
			};
			name = Release;
		};
		1D9A25881DD89B73007EE6E9 /* Debug */ = {
			isa = XCBuildConfiguration;
			baseConfigurationReference = 27753AFD3DA0D911B30BE9E9 /* Pods-BolsaFamilia Analytics.debug.xcconfig */;
			buildSettings = {
				ALWAYS_EMBED_SWIFT_STANDARD_LIBRARIES = YES;
				ASSETCATALOG_COMPILER_APPICON_NAME = AppIcon;
				DEVELOPMENT_TEAM = G6SBYX5X3M;
				INFOPLIST_FILE = "BolsaFamilia Analytics/Info.plist";
				LD_RUNPATH_SEARCH_PATHS = "$(inherited) @executable_path/Frameworks";
				PRODUCT_BUNDLE_IDENTIFIER = "br.com.unb.bd.BolsaFamilia-Analytics";
				PRODUCT_NAME = "$(TARGET_NAME)";
				SWIFT_VERSION = 3.0;
			};
			name = Debug;
		};
		1D9A25891DD89B73007EE6E9 /* Release */ = {
			isa = XCBuildConfiguration;
			baseConfigurationReference = 6493814E5D86F242201A1450 /* Pods-BolsaFamilia Analytics.release.xcconfig */;
			buildSettings = {
				ALWAYS_EMBED_SWIFT_STANDARD_LIBRARIES = YES;
				ASSETCATALOG_COMPILER_APPICON_NAME = AppIcon;
				DEVELOPMENT_TEAM = G6SBYX5X3M;
				INFOPLIST_FILE = "BolsaFamilia Analytics/Info.plist";
				LD_RUNPATH_SEARCH_PATHS = "$(inherited) @executable_path/Frameworks";
				PRODUCT_BUNDLE_IDENTIFIER = "br.com.unb.bd.BolsaFamilia-Analytics";
				PRODUCT_NAME = "$(TARGET_NAME)";
				SWIFT_VERSION = 3.0;
			};
			name = Release;
		};
		1D9A258B1DD89B73007EE6E9 /* Debug */ = {
			isa = XCBuildConfiguration;
			buildSettings = {
				ALWAYS_EMBED_SWIFT_STANDARD_LIBRARIES = YES;
				BUNDLE_LOADER = "$(TEST_HOST)";
				DEVELOPMENT_TEAM = M368ZHZCHV;
				INFOPLIST_FILE = "BolsaFamilia AnalyticsTests/Info.plist";
				LD_RUNPATH_SEARCH_PATHS = "$(inherited) @executable_path/Frameworks @loader_path/Frameworks";
				PRODUCT_BUNDLE_IDENTIFIER = "br.com.unb.bd.BolsaFamilia-AnalyticsTests";
				PRODUCT_NAME = "$(TARGET_NAME)";
				SWIFT_VERSION = 3.0;
				TEST_HOST = "$(BUILT_PRODUCTS_DIR)/BolsaFamilia Analytics.app/BolsaFamilia Analytics";
			};
			name = Debug;
		};
		1D9A258C1DD89B73007EE6E9 /* Release */ = {
			isa = XCBuildConfiguration;
			buildSettings = {
				ALWAYS_EMBED_SWIFT_STANDARD_LIBRARIES = YES;
				BUNDLE_LOADER = "$(TEST_HOST)";
				DEVELOPMENT_TEAM = M368ZHZCHV;
				INFOPLIST_FILE = "BolsaFamilia AnalyticsTests/Info.plist";
				LD_RUNPATH_SEARCH_PATHS = "$(inherited) @executable_path/Frameworks @loader_path/Frameworks";
				PRODUCT_BUNDLE_IDENTIFIER = "br.com.unb.bd.BolsaFamilia-AnalyticsTests";
				PRODUCT_NAME = "$(TARGET_NAME)";
				SWIFT_VERSION = 3.0;
				TEST_HOST = "$(BUILT_PRODUCTS_DIR)/BolsaFamilia Analytics.app/BolsaFamilia Analytics";
			};
			name = Release;
		};
		1D9A258E1DD89B73007EE6E9 /* Debug */ = {
			isa = XCBuildConfiguration;
			buildSettings = {
				ALWAYS_EMBED_SWIFT_STANDARD_LIBRARIES = YES;
				DEVELOPMENT_TEAM = M368ZHZCHV;
				INFOPLIST_FILE = "BolsaFamilia AnalyticsUITests/Info.plist";
				LD_RUNPATH_SEARCH_PATHS = "$(inherited) @executable_path/Frameworks @loader_path/Frameworks";
				PRODUCT_BUNDLE_IDENTIFIER = "br.com.unb.bd.BolsaFamilia-AnalyticsUITests";
				PRODUCT_NAME = "$(TARGET_NAME)";
				SWIFT_VERSION = 3.0;
				TEST_TARGET_NAME = "BolsaFamilia Analytics";
			};
			name = Debug;
		};
		1D9A258F1DD89B73007EE6E9 /* Release */ = {
			isa = XCBuildConfiguration;
			buildSettings = {
				ALWAYS_EMBED_SWIFT_STANDARD_LIBRARIES = YES;
				DEVELOPMENT_TEAM = M368ZHZCHV;
				INFOPLIST_FILE = "BolsaFamilia AnalyticsUITests/Info.plist";
				LD_RUNPATH_SEARCH_PATHS = "$(inherited) @executable_path/Frameworks @loader_path/Frameworks";
				PRODUCT_BUNDLE_IDENTIFIER = "br.com.unb.bd.BolsaFamilia-AnalyticsUITests";
				PRODUCT_NAME = "$(TARGET_NAME)";
				SWIFT_VERSION = 3.0;
				TEST_TARGET_NAME = "BolsaFamilia Analytics";
			};
			name = Release;
		};
/* End XCBuildConfiguration section */

/* Begin XCConfigurationList section */
		1D9A25571DD89B72007EE6E9 /* Build configuration list for PBXProject "BolsaFamilia Analytics" */ = {
			isa = XCConfigurationList;
			buildConfigurations = (
				1D9A25851DD89B73007EE6E9 /* Debug */,
				1D9A25861DD89B73007EE6E9 /* Release */,
			);
			defaultConfigurationIsVisible = 0;
			defaultConfigurationName = Release;
		};
		1D9A25871DD89B73007EE6E9 /* Build configuration list for PBXNativeTarget "BolsaFamilia Analytics" */ = {
			isa = XCConfigurationList;
			buildConfigurations = (
				1D9A25881DD89B73007EE6E9 /* Debug */,
				1D9A25891DD89B73007EE6E9 /* Release */,
			);
			defaultConfigurationIsVisible = 0;
			defaultConfigurationName = Release;
		};
		1D9A258A1DD89B73007EE6E9 /* Build configuration list for PBXNativeTarget "BolsaFamilia AnalyticsTests" */ = {
			isa = XCConfigurationList;
			buildConfigurations = (
				1D9A258B1DD89B73007EE6E9 /* Debug */,
				1D9A258C1DD89B73007EE6E9 /* Release */,
			);
			defaultConfigurationIsVisible = 0;
			defaultConfigurationName = Release;
		};
		1D9A258D1DD89B73007EE6E9 /* Build configuration list for PBXNativeTarget "BolsaFamilia AnalyticsUITests" */ = {
			isa = XCConfigurationList;
			buildConfigurations = (
				1D9A258E1DD89B73007EE6E9 /* Debug */,
				1D9A258F1DD89B73007EE6E9 /* Release */,
			);
			defaultConfigurationIsVisible = 0;
			defaultConfigurationName = Release;
		};
/* End XCConfigurationList section */

/* Begin XCVersionGroup section */
		1D9A25661DD89B73007EE6E9 /* BolsaFamilia_Analytics.xcdatamodeld */ = {
			isa = XCVersionGroup;
			children = (
				1D9A25671DD89B73007EE6E9 /* BolsaFamilia_Analytics.xcdatamodel */,
			);
			currentVersion = 1D9A25671DD89B73007EE6E9 /* BolsaFamilia_Analytics.xcdatamodel */;
			path = BolsaFamilia_Analytics.xcdatamodeld;
			sourceTree = "<group>";
			versionGroupType = wrapper.xcdatamodel;
		};
/* End XCVersionGroup section */
	};
	rootObject = 1D9A25541DD89B72007EE6E9 /* Project object */;
}
